// !$*UTF8*$!
{
	archiveVersion = 1;
	classes = {
	};
	objectVersion = 50;
	objects = {

/* Begin PBXBuildFile section */
		281DE90A22249C450065E2FF /* AppDelegate.swift in Sources */ = {isa = PBXBuildFile; fileRef = 281DE90922249C450065E2FF /* AppDelegate.swift */; };
		281DE90F22249C450065E2FF /* Main.storyboard in Resources */ = {isa = PBXBuildFile; fileRef = 281DE90D22249C450065E2FF /* Main.storyboard */; };
		281DE91122249C460065E2FF /* Assets.xcassets in Resources */ = {isa = PBXBuildFile; fileRef = 281DE91022249C460065E2FF /* Assets.xcassets */; };
		281DE91422249C460065E2FF /* LaunchScreen.storyboard in Resources */ = {isa = PBXBuildFile; fileRef = 281DE91222249C460065E2FF /* LaunchScreen.storyboard */; };
		281DE91F22249C460065E2FF /* ParstagramTests.swift in Sources */ = {isa = PBXBuildFile; fileRef = 281DE91E22249C460065E2FF /* ParstagramTests.swift */; };
		281DE92A22249C460065E2FF /* ParstagramUITests.swift in Sources */ = {isa = PBXBuildFile; fileRef = 281DE92922249C460065E2FF /* ParstagramUITests.swift */; };
		281DE9382224A3260065E2FF /* LoginViewController.swift in Sources */ = {isa = PBXBuildFile; fileRef = 281DE9372224A3260065E2FF /* LoginViewController.swift */; };
		281DE93A2224A3480065E2FF /* FeedViewController.swift in Sources */ = {isa = PBXBuildFile; fileRef = 281DE9392224A3480065E2FF /* FeedViewController.swift */; };
		281DE93C2224A7430065E2FF /* pictures in Resources */ = {isa = PBXBuildFile; fileRef = 281DE93B2224A7430065E2FF /* pictures */; };
		281DE9402227530C0065E2FF /* ChatViewController.swift in Sources */ = {isa = PBXBuildFile; fileRef = 281DE93F2227530C0065E2FF /* ChatViewController.swift */; };
		28F86D96222DB6CB00F6C1F2 /* CameraViewController.swift in Sources */ = {isa = PBXBuildFile; fileRef = 28F86D95222DB6CB00F6C1F2 /* CameraViewController.swift */; };
		28F86D98222DC78C00F6C1F2 /* PostCell.swift in Sources */ = {isa = PBXBuildFile; fileRef = 28F86D97222DC78C00F6C1F2 /* PostCell.swift */; };
		34DDCD3EF087B3BA870CBD8A /* Pods_ParstagramTests.framework in Frameworks */ = {isa = PBXBuildFile; fileRef = 4A232E53CD6C909A5276955D /* Pods_ParstagramTests.framework */; };
		9B2DD4487A7BF986BB4FEE7D /* Pods_ParstagramUITests.framework in Frameworks */ = {isa = PBXBuildFile; fileRef = 852F21BF7D2B35B20C0DE511 /* Pods_ParstagramUITests.framework */; };
		A2937E2676050D1D50253346 /* Pods_Parstagram.framework in Frameworks */ = {isa = PBXBuildFile; fileRef = B2D43782447A472767F61FD8 /* Pods_Parstagram.framework */; };
/* End PBXBuildFile section */

/* Begin PBXContainerItemProxy section */
		281DE91B22249C460065E2FF /* PBXContainerItemProxy */ = {
			isa = PBXContainerItemProxy;
			containerPortal = 281DE8FE22249C450065E2FF /* Project object */;
			proxyType = 1;
			remoteGlobalIDString = 281DE90522249C450065E2FF;
			remoteInfo = Parstagram;
		};
		281DE92622249C460065E2FF /* PBXContainerItemProxy */ = {
			isa = PBXContainerItemProxy;
			containerPortal = 281DE8FE22249C450065E2FF /* Project object */;
			proxyType = 1;
			remoteGlobalIDString = 281DE90522249C450065E2FF;
			remoteInfo = Parstagram;
		};
/* End PBXContainerItemProxy section */

/* Begin PBXFileReference section */
		281DE90622249C450065E2FF /* Parstagram.app */ = {isa = PBXFileReference; explicitFileType = wrapper.application; includeInIndex = 0; path = Parstagram.app; sourceTree = BUILT_PRODUCTS_DIR; };
		281DE90922249C450065E2FF /* AppDelegate.swift */ = {isa = PBXFileReference; lastKnownFileType = sourcecode.swift; path = AppDelegate.swift; sourceTree = "<group>"; };
		281DE90E22249C450065E2FF /* Base */ = {isa = PBXFileReference; lastKnownFileType = file.storyboard; name = Base; path = Base.lproj/Main.storyboard; sourceTree = "<group>"; };
		281DE91022249C460065E2FF /* Assets.xcassets */ = {isa = PBXFileReference; lastKnownFileType = folder.assetcatalog; path = Assets.xcassets; sourceTree = "<group>"; };
		281DE91322249C460065E2FF /* Base */ = {isa = PBXFileReference; lastKnownFileType = file.storyboard; name = Base; path = Base.lproj/LaunchScreen.storyboard; sourceTree = "<group>"; };
		281DE91522249C460065E2FF /* Info.plist */ = {isa = PBXFileReference; lastKnownFileType = text.plist.xml; path = Info.plist; sourceTree = "<group>"; };
		281DE91A22249C460065E2FF /* ParstagramTests.xctest */ = {isa = PBXFileReference; explicitFileType = wrapper.cfbundle; includeInIndex = 0; path = ParstagramTests.xctest; sourceTree = BUILT_PRODUCTS_DIR; };
		281DE91E22249C460065E2FF /* ParstagramTests.swift */ = {isa = PBXFileReference; lastKnownFileType = sourcecode.swift; path = ParstagramTests.swift; sourceTree = "<group>"; };
		281DE92022249C460065E2FF /* Info.plist */ = {isa = PBXFileReference; lastKnownFileType = text.plist.xml; path = Info.plist; sourceTree = "<group>"; };
		281DE92522249C460065E2FF /* ParstagramUITests.xctest */ = {isa = PBXFileReference; explicitFileType = wrapper.cfbundle; includeInIndex = 0; path = ParstagramUITests.xctest; sourceTree = BUILT_PRODUCTS_DIR; };
		281DE92922249C460065E2FF /* ParstagramUITests.swift */ = {isa = PBXFileReference; lastKnownFileType = sourcecode.swift; path = ParstagramUITests.swift; sourceTree = "<group>"; };
		281DE92B22249C460065E2FF /* Info.plist */ = {isa = PBXFileReference; lastKnownFileType = text.plist.xml; path = Info.plist; sourceTree = "<group>"; };
		281DE9372224A3260065E2FF /* LoginViewController.swift */ = {isa = PBXFileReference; lastKnownFileType = sourcecode.swift; path = LoginViewController.swift; sourceTree = "<group>"; };
		281DE9392224A3480065E2FF /* FeedViewController.swift */ = {isa = PBXFileReference; lastKnownFileType = sourcecode.swift; path = FeedViewController.swift; sourceTree = "<group>"; };
		281DE93B2224A7430065E2FF /* pictures */ = {isa = PBXFileReference; lastKnownFileType = folder; path = pictures; sourceTree = "<group>"; };
		281DE93F2227530C0065E2FF /* ChatViewController.swift */ = {isa = PBXFileReference; lastKnownFileType = sourcecode.swift; path = ChatViewController.swift; sourceTree = "<group>"; };
		28F86D95222DB6CB00F6C1F2 /* CameraViewController.swift */ = {isa = PBXFileReference; lastKnownFileType = sourcecode.swift; path = CameraViewController.swift; sourceTree = "<group>"; };
		28F86D97222DC78C00F6C1F2 /* PostCell.swift */ = {isa = PBXFileReference; lastKnownFileType = sourcecode.swift; path = PostCell.swift; sourceTree = "<group>"; };
		4A232E53CD6C909A5276955D /* Pods_ParstagramTests.framework */ = {isa = PBXFileReference; explicitFileType = wrapper.framework; includeInIndex = 0; path = Pods_ParstagramTests.framework; sourceTree = BUILT_PRODUCTS_DIR; };
		6008FCDAA77BDA7D4A5415DA /* Pods-ParstagramUITests.release.xcconfig */ = {isa = PBXFileReference; includeInIndex = 1; lastKnownFileType = text.xcconfig; name = "Pods-ParstagramUITests.release.xcconfig"; path = "Pods/Target Support Files/Pods-ParstagramUITests/Pods-ParstagramUITests.release.xcconfig"; sourceTree = "<group>"; };
		852F21BF7D2B35B20C0DE511 /* Pods_ParstagramUITests.framework */ = {isa = PBXFileReference; explicitFileType = wrapper.framework; includeInIndex = 0; path = Pods_ParstagramUITests.framework; sourceTree = BUILT_PRODUCTS_DIR; };
		8B1A1EE51E420D78D0027C90 /* Pods-ParstagramTests.debug.xcconfig */ = {isa = PBXFileReference; includeInIndex = 1; lastKnownFileType = text.xcconfig; name = "Pods-ParstagramTests.debug.xcconfig"; path = "Pods/Target Support Files/Pods-ParstagramTests/Pods-ParstagramTests.debug.xcconfig"; sourceTree = "<group>"; };
		961C3559FEA492EA0809761D /* Pods-ParstagramUITests.debug.xcconfig */ = {isa = PBXFileReference; includeInIndex = 1; lastKnownFileType = text.xcconfig; name = "Pods-ParstagramUITests.debug.xcconfig"; path = "Pods/Target Support Files/Pods-ParstagramUITests/Pods-ParstagramUITests.debug.xcconfig"; sourceTree = "<group>"; };
		B2D43782447A472767F61FD8 /* Pods_Parstagram.framework */ = {isa = PBXFileReference; explicitFileType = wrapper.framework; includeInIndex = 0; path = Pods_Parstagram.framework; sourceTree = BUILT_PRODUCTS_DIR; };
		CAA977E0E589FA296383628E /* Pods-Parstagram.debug.xcconfig */ = {isa = PBXFileReference; includeInIndex = 1; lastKnownFileType = text.xcconfig; name = "Pods-Parstagram.debug.xcconfig"; path = "Pods/Target Support Files/Pods-Parstagram/Pods-Parstagram.debug.xcconfig"; sourceTree = "<group>"; };
		CC4F2E84418C869C4A870E30 /* Pods-Parstagram.release.xcconfig */ = {isa = PBXFileReference; includeInIndex = 1; lastKnownFileType = text.xcconfig; name = "Pods-Parstagram.release.xcconfig"; path = "Pods/Target Support Files/Pods-Parstagram/Pods-Parstagram.release.xcconfig"; sourceTree = "<group>"; };
		F4AF0E1E4C068D60DAF3E17E /* Pods-ParstagramTests.release.xcconfig */ = {isa = PBXFileReference; includeInIndex = 1; lastKnownFileType = text.xcconfig; name = "Pods-ParstagramTests.release.xcconfig"; path = "Pods/Target Support Files/Pods-ParstagramTests/Pods-ParstagramTests.release.xcconfig"; sourceTree = "<group>"; };
/* End PBXFileReference section */

/* Begin PBXFrameworksBuildPhase section */
		281DE90322249C450065E2FF /* Frameworks */ = {
			isa = PBXFrameworksBuildPhase;
			buildActionMask = 2147483647;
			files = (
				A2937E2676050D1D50253346 /* Pods_Parstagram.framework in Frameworks */,
			);
			runOnlyForDeploymentPostprocessing = 0;
		};
		281DE91722249C460065E2FF /* Frameworks */ = {
			isa = PBXFrameworksBuildPhase;
			buildActionMask = 2147483647;
			files = (
				34DDCD3EF087B3BA870CBD8A /* Pods_ParstagramTests.framework in Frameworks */,
			);
			runOnlyForDeploymentPostprocessing = 0;
		};
		281DE92222249C460065E2FF /* Frameworks */ = {
			isa = PBXFrameworksBuildPhase;
			buildActionMask = 2147483647;
			files = (
				9B2DD4487A7BF986BB4FEE7D /* Pods_ParstagramUITests.framework in Frameworks */,
			);
			runOnlyForDeploymentPostprocessing = 0;
		};
/* End PBXFrameworksBuildPhase section */

/* Begin PBXGroup section */
		281DE8FD22249C450065E2FF = {
			isa = PBXGroup;
			children = (
				281DE93B2224A7430065E2FF /* pictures */,
				281DE90822249C450065E2FF /* Parstagram */,
				281DE91D22249C460065E2FF /* ParstagramTests */,
				281DE92822249C460065E2FF /* ParstagramUITests */,
				281DE90722249C450065E2FF /* Products */,
				B8EF1C3EA5B11C4447A23378 /* Pods */,
				BEBB39BCFE741E97100B3900 /* Frameworks */,
			);
			sourceTree = "<group>";
		};
		281DE90722249C450065E2FF /* Products */ = {
			isa = PBXGroup;
			children = (
				281DE90622249C450065E2FF /* Parstagram.app */,
				281DE91A22249C460065E2FF /* ParstagramTests.xctest */,
				281DE92522249C460065E2FF /* ParstagramUITests.xctest */,
			);
			name = Products;
			sourceTree = "<group>";
		};
		281DE90822249C450065E2FF /* Parstagram */ = {
			isa = PBXGroup;
			children = (
				281DE90922249C450065E2FF /* AppDelegate.swift */,
				281DE90D22249C450065E2FF /* Main.storyboard */,
				28F86D97222DC78C00F6C1F2 /* PostCell.swift */,
				28F86D95222DB6CB00F6C1F2 /* CameraViewController.swift */,
				281DE93F2227530C0065E2FF /* ChatViewController.swift */,
				281DE9372224A3260065E2FF /* LoginViewController.swift */,
				281DE9392224A3480065E2FF /* FeedViewController.swift */,
				281DE91022249C460065E2FF /* Assets.xcassets */,
				281DE91222249C460065E2FF /* LaunchScreen.storyboard */,
				281DE91522249C460065E2FF /* Info.plist */,
			);
			path = Parstagram;
			sourceTree = "<group>";
		};
		281DE91D22249C460065E2FF /* ParstagramTests */ = {
			isa = PBXGroup;
			children = (
				281DE91E22249C460065E2FF /* ParstagramTests.swift */,
				281DE92022249C460065E2FF /* Info.plist */,
			);
			path = ParstagramTests;
			sourceTree = "<group>";
		};
		281DE92822249C460065E2FF /* ParstagramUITests */ = {
			isa = PBXGroup;
			children = (
				281DE92922249C460065E2FF /* ParstagramUITests.swift */,
				281DE92B22249C460065E2FF /* Info.plist */,
			);
			path = ParstagramUITests;
			sourceTree = "<group>";
		};
		B8EF1C3EA5B11C4447A23378 /* Pods */ = {
			isa = PBXGroup;
			children = (
				CAA977E0E589FA296383628E /* Pods-Parstagram.debug.xcconfig */,
				CC4F2E84418C869C4A870E30 /* Pods-Parstagram.release.xcconfig */,
				8B1A1EE51E420D78D0027C90 /* Pods-ParstagramTests.debug.xcconfig */,
				F4AF0E1E4C068D60DAF3E17E /* Pods-ParstagramTests.release.xcconfig */,
				961C3559FEA492EA0809761D /* Pods-ParstagramUITests.debug.xcconfig */,
				6008FCDAA77BDA7D4A5415DA /* Pods-ParstagramUITests.release.xcconfig */,
			);
			name = Pods;
			sourceTree = "<group>";
		};
		BEBB39BCFE741E97100B3900 /* Frameworks */ = {
			isa = PBXGroup;
			children = (
				B2D43782447A472767F61FD8 /* Pods_Parstagram.framework */,
				4A232E53CD6C909A5276955D /* Pods_ParstagramTests.framework */,
				852F21BF7D2B35B20C0DE511 /* Pods_ParstagramUITests.framework */,
			);
			name = Frameworks;
			sourceTree = "<group>";
		};
/* End PBXGroup section */

/* Begin PBXNativeTarget section */
		281DE90522249C450065E2FF /* Parstagram */ = {
			isa = PBXNativeTarget;
			buildConfigurationList = 281DE92E22249C460065E2FF /* Build configuration list for PBXNativeTarget "Parstagram" */;
			buildPhases = (
				01FDDA603F871DFB7CFBEA62 /* [CP] Check Pods Manifest.lock */,
				281DE90222249C450065E2FF /* Sources */,
				281DE90322249C450065E2FF /* Frameworks */,
				281DE90422249C450065E2FF /* Resources */,
				426A484B8BA6A16175A815FC /* [CP] Embed Pods Frameworks */,
			);
			buildRules = (
			);
			dependencies = (
			);
			name = Parstagram;
			productName = Parstagram;
			productReference = 281DE90622249C450065E2FF /* Parstagram.app */;
			productType = "com.apple.product-type.application";
		};
		281DE91922249C460065E2FF /* ParstagramTests */ = {
			isa = PBXNativeTarget;
			buildConfigurationList = 281DE93122249C460065E2FF /* Build configuration list for PBXNativeTarget "ParstagramTests" */;
			buildPhases = (
				1933B6EB2E91125F9E2437BB /* [CP] Check Pods Manifest.lock */,
				281DE91622249C460065E2FF /* Sources */,
				281DE91722249C460065E2FF /* Frameworks */,
				281DE91822249C460065E2FF /* Resources */,
			);
			buildRules = (
			);
			dependencies = (
				281DE91C22249C460065E2FF /* PBXTargetDependency */,
			);
			name = ParstagramTests;
			productName = ParstagramTests;
			productReference = 281DE91A22249C460065E2FF /* ParstagramTests.xctest */;
			productType = "com.apple.product-type.bundle.unit-test";
		};
		281DE92422249C460065E2FF /* ParstagramUITests */ = {
			isa = PBXNativeTarget;
			buildConfigurationList = 281DE93422249C460065E2FF /* Build configuration list for PBXNativeTarget "ParstagramUITests" */;
			buildPhases = (
				84535664628E858DDC5DD362 /* [CP] Check Pods Manifest.lock */,
				281DE92122249C460065E2FF /* Sources */,
				281DE92222249C460065E2FF /* Frameworks */,
				281DE92322249C460065E2FF /* Resources */,
			);
			buildRules = (
			);
			dependencies = (
				281DE92722249C460065E2FF /* PBXTargetDependency */,
			);
			name = ParstagramUITests;
			productName = ParstagramUITests;
			productReference = 281DE92522249C460065E2FF /* ParstagramUITests.xctest */;
			productType = "com.apple.product-type.bundle.ui-testing";
		};
/* End PBXNativeTarget section */

/* Begin PBXProject section */
		281DE8FE22249C450065E2FF /* Project object */ = {
			isa = PBXProject;
			attributes = {
				LastSwiftUpdateCheck = 1010;
				LastUpgradeCheck = 1010;
				ORGANIZATIONNAME = "Raymond Esteybar";
				TargetAttributes = {
					281DE90522249C450065E2FF = {
						CreatedOnToolsVersion = 10.1;
					};
					281DE91922249C460065E2FF = {
						CreatedOnToolsVersion = 10.1;
						TestTargetID = 281DE90522249C450065E2FF;
					};
					281DE92422249C460065E2FF = {
						CreatedOnToolsVersion = 10.1;
						TestTargetID = 281DE90522249C450065E2FF;
					};
				};
			};
			buildConfigurationList = 281DE90122249C450065E2FF /* Build configuration list for PBXProject "Parstagram" */;
			compatibilityVersion = "Xcode 9.3";
			developmentRegion = en;
			hasScannedForEncodings = 0;
			knownRegions = (
				en,
				Base,
			);
			mainGroup = 281DE8FD22249C450065E2FF;
			productRefGroup = 281DE90722249C450065E2FF /* Products */;
			projectDirPath = "";
			projectRoot = "";
			targets = (
				281DE90522249C450065E2FF /* Parstagram */,
				281DE91922249C460065E2FF /* ParstagramTests */,
				281DE92422249C460065E2FF /* ParstagramUITests */,
			);
		};
/* End PBXProject section */

/* Begin PBXResourcesBuildPhase section */
		281DE90422249C450065E2FF /* Resources */ = {
			isa = PBXResourcesBuildPhase;
			buildActionMask = 2147483647;
			files = (
				281DE91422249C460065E2FF /* LaunchScreen.storyboard in Resources */,
				281DE91122249C460065E2FF /* Assets.xcassets in Resources */,
				281DE90F22249C450065E2FF /* Main.storyboard in Resources */,
				281DE93C2224A7430065E2FF /* pictures in Resources */,
			);
			runOnlyForDeploymentPostprocessing = 0;
		};
		281DE91822249C460065E2FF /* Resources */ = {
			isa = PBXResourcesBuildPhase;
			buildActionMask = 2147483647;
			files = (
			);
			runOnlyForDeploymentPostprocessing = 0;
		};
		281DE92322249C460065E2FF /* Resources */ = {
			isa = PBXResourcesBuildPhase;
			buildActionMask = 2147483647;
			files = (
			);
			runOnlyForDeploymentPostprocessing = 0;
		};
/* End PBXResourcesBuildPhase section */

/* Begin PBXShellScriptBuildPhase section */
		01FDDA603F871DFB7CFBEA62 /* [CP] Check Pods Manifest.lock */ = {
			isa = PBXShellScriptBuildPhase;
			buildActionMask = 2147483647;
			files = (
			);
			inputFileListPaths = (
			);
			inputPaths = (
				"${PODS_PODFILE_DIR_PATH}/Podfile.lock",
				"${PODS_ROOT}/Manifest.lock",
			);
			name = "[CP] Check Pods Manifest.lock";
			outputFileListPaths = (
			);
			outputPaths = (
				"$(DERIVED_FILE_DIR)/Pods-Parstagram-checkManifestLockResult.txt",
			);
			runOnlyForDeploymentPostprocessing = 0;
			shellPath = /bin/sh;
			shellScript = "diff \"${PODS_PODFILE_DIR_PATH}/Podfile.lock\" \"${PODS_ROOT}/Manifest.lock\" > /dev/null\nif [ $? != 0 ] ; then\n    # print error to STDERR\n    echo \"error: The sandbox is not in sync with the Podfile.lock. Run 'pod install' or update your CocoaPods installation.\" >&2\n    exit 1\nfi\n# This output is used by Xcode 'outputs' to avoid re-running this script phase.\necho \"SUCCESS\" > \"${SCRIPT_OUTPUT_FILE_0}\"\n";
			showEnvVarsInLog = 0;
		};
		1933B6EB2E91125F9E2437BB /* [CP] Check Pods Manifest.lock */ = {
			isa = PBXShellScriptBuildPhase;
			buildActionMask = 2147483647;
			files = (
			);
			inputFileListPaths = (
			);
			inputPaths = (
				"${PODS_PODFILE_DIR_PATH}/Podfile.lock",
				"${PODS_ROOT}/Manifest.lock",
			);
			name = "[CP] Check Pods Manifest.lock";
			outputFileListPaths = (
			);
			outputPaths = (
				"$(DERIVED_FILE_DIR)/Pods-ParstagramTests-checkManifestLockResult.txt",
			);
			runOnlyForDeploymentPostprocessing = 0;
			shellPath = /bin/sh;
			shellScript = "diff \"${PODS_PODFILE_DIR_PATH}/Podfile.lock\" \"${PODS_ROOT}/Manifest.lock\" > /dev/null\nif [ $? != 0 ] ; then\n    # print error to STDERR\n    echo \"error: The sandbox is not in sync with the Podfile.lock. Run 'pod install' or update your CocoaPods installation.\" >&2\n    exit 1\nfi\n# This output is used by Xcode 'outputs' to avoid re-running this script phase.\necho \"SUCCESS\" > \"${SCRIPT_OUTPUT_FILE_0}\"\n";
			showEnvVarsInLog = 0;
		};
		426A484B8BA6A16175A815FC /* [CP] Embed Pods Frameworks */ = {
			isa = PBXShellScriptBuildPhase;
			buildActionMask = 2147483647;
			files = (
			);
			inputFileListPaths = (
			);
			inputPaths = (
				"${SRCROOT}/Pods/Target Support Files/Pods-Parstagram/Pods-Parstagram-frameworks.sh",
				"${BUILT_PRODUCTS_DIR}/Alamofire/Alamofire.framework",
				"${BUILT_PRODUCTS_DIR}/AlamofireImage/AlamofireImage.framework",
				"${BUILT_PRODUCTS_DIR}/Bolts/Bolts.framework",
				"${BUILT_PRODUCTS_DIR}/Parse/Parse.framework",
			);
			name = "[CP] Embed Pods Frameworks";
			outputFileListPaths = (
			);
			outputPaths = (
				"${TARGET_BUILD_DIR}/${FRAMEWORKS_FOLDER_PATH}/Alamofire.framework",
				"${TARGET_BUILD_DIR}/${FRAMEWORKS_FOLDER_PATH}/AlamofireImage.framework",
				"${TARGET_BUILD_DIR}/${FRAMEWORKS_FOLDER_PATH}/Bolts.framework",
				"${TARGET_BUILD_DIR}/${FRAMEWORKS_FOLDER_PATH}/Parse.framework",
			);
			runOnlyForDeploymentPostprocessing = 0;
			shellPath = /bin/sh;
			shellScript = "\"${SRCROOT}/Pods/Target Support Files/Pods-Parstagram/Pods-Parstagram-frameworks.sh\"\n";
			showEnvVarsInLog = 0;
		};
		84535664628E858DDC5DD362 /* [CP] Check Pods Manifest.lock */ = {
			isa = PBXShellScriptBuildPhase;
			buildActionMask = 2147483647;
			files = (
			);
			inputFileListPaths = (
			);
			inputPaths = (
				"${PODS_PODFILE_DIR_PATH}/Podfile.lock",
				"${PODS_ROOT}/Manifest.lock",
			);
			name = "[CP] Check Pods Manifest.lock";
			outputFileListPaths = (
			);
			outputPaths = (
				"$(DERIVED_FILE_DIR)/Pods-ParstagramUITests-checkManifestLockResult.txt",
			);
			runOnlyForDeploymentPostprocessing = 0;
			shellPath = /bin/sh;
			shellScript = "diff \"${PODS_PODFILE_DIR_PATH}/Podfile.lock\" \"${PODS_ROOT}/Manifest.lock\" > /dev/null\nif [ $? != 0 ] ; then\n    # print error to STDERR\n    echo \"error: The sandbox is not in sync with the Podfile.lock. Run 'pod install' or update your CocoaPods installation.\" >&2\n    exit 1\nfi\n# This output is used by Xcode 'outputs' to avoid re-running this script phase.\necho \"SUCCESS\" > \"${SCRIPT_OUTPUT_FILE_0}\"\n";
			showEnvVarsInLog = 0;
		};
/* End PBXShellScriptBuildPhase section */

/* Begin PBXSourcesBuildPhase section */
		281DE90222249C450065E2FF /* Sources */ = {
			isa = PBXSourcesBuildPhase;
			buildActionMask = 2147483647;
			files = (
				281DE9382224A3260065E2FF /* LoginViewController.swift in Sources */,
				28F86D96222DB6CB00F6C1F2 /* CameraViewController.swift in Sources */,
				281DE93A2224A3480065E2FF /* FeedViewController.swift in Sources */,
				281DE9402227530C0065E2FF /* ChatViewController.swift in Sources */,
				281DE90A22249C450065E2FF /* AppDelegate.swift in Sources */,
				28F86D98222DC78C00F6C1F2 /* PostCell.swift in Sources */,
			);
			runOnlyForDeploymentPostprocessing = 0;
		};
		281DE91622249C460065E2FF /* Sources */ = {
			isa = PBXSourcesBuildPhase;
			buildActionMask = 2147483647;
			files = (
				281DE91F22249C460065E2FF /* ParstagramTests.swift in Sources */,
			);
			runOnlyForDeploymentPostprocessing = 0;
		};
		281DE92122249C460065E2FF /* Sources */ = {
			isa = PBXSourcesBuildPhase;
			buildActionMask = 2147483647;
			files = (
				281DE92A22249C460065E2FF /* ParstagramUITests.swift in Sources */,
			);
			runOnlyForDeploymentPostprocessing = 0;
		};
/* End PBXSourcesBuildPhase section */

/* Begin PBXTargetDependency section */
		281DE91C22249C460065E2FF /* PBXTargetDependency */ = {
			isa = PBXTargetDependency;
			target = 281DE90522249C450065E2FF /* Parstagram */;
			targetProxy = 281DE91B22249C460065E2FF /* PBXContainerItemProxy */;
		};
		281DE92722249C460065E2FF /* PBXTargetDependency */ = {
			isa = PBXTargetDependency;
			target = 281DE90522249C450065E2FF /* Parstagram */;
			targetProxy = 281DE92622249C460065E2FF /* PBXContainerItemProxy */;
		};
/* End PBXTargetDependency section */

/* Begin PBXVariantGroup section */
		281DE90D22249C450065E2FF /* Main.storyboard */ = {
			isa = PBXVariantGroup;
			children = (
				281DE90E22249C450065E2FF /* Base */,
			);
			name = Main.storyboard;
			sourceTree = "<group>";
		};
		281DE91222249C460065E2FF /* LaunchScreen.storyboard */ = {
			isa = PBXVariantGroup;
			children = (
				281DE91322249C460065E2FF /* Base */,
			);
			name = LaunchScreen.storyboard;
			sourceTree = "<group>";
		};
/* End PBXVariantGroup section */

/* Begin XCBuildConfiguration section */
		281DE92C22249C460065E2FF /* Debug */ = {
			isa = XCBuildConfiguration;
			buildSettings = {
				ALWAYS_SEARCH_USER_PATHS = NO;
				CLANG_ANALYZER_NONNULL = YES;
				CLANG_ANALYZER_NUMBER_OBJECT_CONVERSION = YES_AGGRESSIVE;
				CLANG_CXX_LANGUAGE_STANDARD = "gnu++14";
				CLANG_CXX_LIBRARY = "libc++";
				CLANG_ENABLE_MODULES = YES;
				CLANG_ENABLE_OBJC_ARC = YES;
				CLANG_ENABLE_OBJC_WEAK = YES;
				CLANG_WARN_BLOCK_CAPTURE_AUTORELEASING = YES;
				CLANG_WARN_BOOL_CONVERSION = YES;
				CLANG_WARN_COMMA = YES;
				CLANG_WARN_CONSTANT_CONVERSION = YES;
				CLANG_WARN_DEPRECATED_OBJC_IMPLEMENTATIONS = YES;
				CLANG_WARN_DIRECT_OBJC_ISA_USAGE = YES_ERROR;
				CLANG_WARN_DOCUMENTATION_COMMENTS = YES;
				CLANG_WARN_EMPTY_BODY = YES;
				CLANG_WARN_ENUM_CONVERSION = YES;
				CLANG_WARN_INFINITE_RECURSION = YES;
				CLANG_WARN_INT_CONVERSION = YES;
				CLANG_WARN_NON_LITERAL_NULL_CONVERSION = YES;
				CLANG_WARN_OBJC_IMPLICIT_RETAIN_SELF = YES;
				CLANG_WARN_OBJC_LITERAL_CONVERSION = YES;
				CLANG_WARN_OBJC_ROOT_CLASS = YES_ERROR;
				CLANG_WARN_RANGE_LOOP_ANALYSIS = YES;
				CLANG_WARN_STRICT_PROTOTYPES = YES;
				CLANG_WARN_SUSPICIOUS_MOVE = YES;
				CLANG_WARN_UNGUARDED_AVAILABILITY = YES_AGGRESSIVE;
				CLANG_WARN_UNREACHABLE_CODE = YES;
				CLANG_WARN__DUPLICATE_METHOD_MATCH = YES;
				CODE_SIGN_IDENTITY = "iPhone Developer";
				COPY_PHASE_STRIP = NO;
				DEBUG_INFORMATION_FORMAT = dwarf;
				ENABLE_STRICT_OBJC_MSGSEND = YES;
				ENABLE_TESTABILITY = YES;
				GCC_C_LANGUAGE_STANDARD = gnu11;
				GCC_DYNAMIC_NO_PIC = NO;
				GCC_NO_COMMON_BLOCKS = YES;
				GCC_OPTIMIZATION_LEVEL = 0;
				GCC_PREPROCESSOR_DEFINITIONS = (
					"DEBUG=1",
					"$(inherited)",
				);
				GCC_WARN_64_TO_32_BIT_CONVERSION = YES;
				GCC_WARN_ABOUT_RETURN_TYPE = YES_ERROR;
				GCC_WARN_UNDECLARED_SELECTOR = YES;
				GCC_WARN_UNINITIALIZED_AUTOS = YES_AGGRESSIVE;
				GCC_WARN_UNUSED_FUNCTION = YES;
				GCC_WARN_UNUSED_VARIABLE = YES;
				IPHONEOS_DEPLOYMENT_TARGET = 12.1;
				MTL_ENABLE_DEBUG_INFO = INCLUDE_SOURCE;
				MTL_FAST_MATH = YES;
				ONLY_ACTIVE_ARCH = YES;
				SDKROOT = iphoneos;
				SWIFT_ACTIVE_COMPILATION_CONDITIONS = DEBUG;
				SWIFT_OPTIMIZATION_LEVEL = "-Onone";
			};
			name = Debug;
		};
		281DE92D22249C460065E2FF /* Release */ = {
			isa = XCBuildConfiguration;
			buildSettings = {
				ALWAYS_SEARCH_USER_PATHS = NO;
				CLANG_ANALYZER_NONNULL = YES;
				CLANG_ANALYZER_NUMBER_OBJECT_CONVERSION = YES_AGGRESSIVE;
				CLANG_CXX_LANGUAGE_STANDARD = "gnu++14";
				CLANG_CXX_LIBRARY = "libc++";
				CLANG_ENABLE_MODULES = YES;
				CLANG_ENABLE_OBJC_ARC = YES;
				CLANG_ENABLE_OBJC_WEAK = YES;
				CLANG_WARN_BLOCK_CAPTURE_AUTORELEASING = YES;
				CLANG_WARN_BOOL_CONVERSION = YES;
				CLANG_WARN_COMMA = YES;
				CLANG_WARN_CONSTANT_CONVERSION = YES;
				CLANG_WARN_DEPRECATED_OBJC_IMPLEMENTATIONS = YES;
				CLANG_WARN_DIRECT_OBJC_ISA_USAGE = YES_ERROR;
				CLANG_WARN_DOCUMENTATION_COMMENTS = YES;
				CLANG_WARN_EMPTY_BODY = YES;
				CLANG_WARN_ENUM_CONVERSION = YES;
				CLANG_WARN_INFINITE_RECURSION = YES;
				CLANG_WARN_INT_CONVERSION = YES;
				CLANG_WARN_NON_LITERAL_NULL_CONVERSION = YES;
				CLANG_WARN_OBJC_IMPLICIT_RETAIN_SELF = YES;
				CLANG_WARN_OBJC_LITERAL_CONVERSION = YES;
				CLANG_WARN_OBJC_ROOT_CLASS = YES_ERROR;
				CLANG_WARN_RANGE_LOOP_ANALYSIS = YES;
				CLANG_WARN_STRICT_PROTOTYPES = YES;
				CLANG_WARN_SUSPICIOUS_MOVE = YES;
				CLANG_WARN_UNGUARDED_AVAILABILITY = YES_AGGRESSIVE;
				CLANG_WARN_UNREACHABLE_CODE = YES;
				CLANG_WARN__DUPLICATE_METHOD_MATCH = YES;
				CODE_SIGN_IDENTITY = "iPhone Developer";
				COPY_PHASE_STRIP = NO;
				DEBUG_INFORMATION_FORMAT = "dwarf-with-dsym";
				ENABLE_NS_ASSERTIONS = NO;
				ENABLE_STRICT_OBJC_MSGSEND = YES;
				GCC_C_LANGUAGE_STANDARD = gnu11;
				GCC_NO_COMMON_BLOCKS = YES;
				GCC_WARN_64_TO_32_BIT_CONVERSION = YES;
				GCC_WARN_ABOUT_RETURN_TYPE = YES_ERROR;
				GCC_WARN_UNDECLARED_SELECTOR = YES;
				GCC_WARN_UNINITIALIZED_AUTOS = YES_AGGRESSIVE;
				GCC_WARN_UNUSED_FUNCTION = YES;
				GCC_WARN_UNUSED_VARIABLE = YES;
				IPHONEOS_DEPLOYMENT_TARGET = 12.1;
				MTL_ENABLE_DEBUG_INFO = NO;
				MTL_FAST_MATH = YES;
				SDKROOT = iphoneos;
				SWIFT_COMPILATION_MODE = wholemodule;
				SWIFT_OPTIMIZATION_LEVEL = "-O";
				VALIDATE_PRODUCT = YES;
			};
			name = Release;
		};
		281DE92F22249C460065E2FF /* Debug */ = {
			isa = XCBuildConfiguration;
			baseConfigurationReference = CAA977E0E589FA296383628E /* Pods-Parstagram.debug.xcconfig */;
			buildSettings = {
				ASSETCATALOG_COMPILER_APPICON_NAME = AppIcon;
				CODE_SIGN_STYLE = Automatic;
				DEVELOPMENT_TEAM = HYUR38GUTQ;
				INFOPLIST_FILE = Parstagram/Info.plist;
				LD_RUNPATH_SEARCH_PATHS = (
					"$(inherited)",
					"@executable_path/Frameworks",
				);
				PRODUCT_BUNDLE_IDENTIFIER = swift.Parstagram;
				PRODUCT_NAME = "$(TARGET_NAME)";
				SWIFT_VERSION = 4.2;
				TARGETED_DEVICE_FAMILY = "1,2";
			};
			name = Debug;
		};
		281DE93022249C460065E2FF /* Release */ = {
			isa = XCBuildConfiguration;
			baseConfigurationReference = CC4F2E84418C869C4A870E30 /* Pods-Parstagram.release.xcconfig */;
			buildSettings = {
				ASSETCATALOG_COMPILER_APPICON_NAME = AppIcon;
				CODE_SIGN_STYLE = Automatic;
				DEVELOPMENT_TEAM = HYUR38GUTQ;
				INFOPLIST_FILE = Parstagram/Info.plist;
				LD_RUNPATH_SEARCH_PATHS = (
					"$(inherited)",
					"@executable_path/Frameworks",
				);
				PRODUCT_BUNDLE_IDENTIFIER = swift.Parstagram;
				PRODUCT_NAME = "$(TARGET_NAME)";
				SWIFT_VERSION = 4.2;
				TARGETED_DEVICE_FAMILY = "1,2";
			};
			name = Release;
		};
		281DE93222249C460065E2FF /* Debug */ = {
			isa = XCBuildConfiguration;
			baseConfigurationReference = 8B1A1EE51E420D78D0027C90 /* Pods-ParstagramTests.debug.xcconfig */;
			buildSettings = {
				ALWAYS_EMBED_SWIFT_STANDARD_LIBRARIES = YES;
				BUNDLE_LOADER = "$(TEST_HOST)";
				CODE_SIGN_STYLE = Automatic;
				DEVELOPMENT_TEAM = HYUR38GUTQ;
				INFOPLIST_FILE = ParstagramTests/Info.plist;
				LD_RUNPATH_SEARCH_PATHS = (
					"$(inherited)",
					"@executable_path/Frameworks",
					"@loader_path/Frameworks",
				);
				PRODUCT_BUNDLE_IDENTIFIER = swift.ParstagramTests;
				PRODUCT_NAME = "$(TARGET_NAME)";
				SWIFT_VERSION = 4.2;
				TARGETED_DEVICE_FAMILY = "1,2";
				TEST_HOST = "$(BUILT_PRODUCTS_DIR)/Parstagram.app/Parstagram";
			};
			name = Debug;
		};
		281DE93322249C460065E2FF /* Release */ = {
			isa = XCBuildConfiguration;
			baseConfigurationReference = F4AF0E1E4C068D60DAF3E17E /* Pods-ParstagramTests.release.xcconfig */;
			buildSettings = {
				ALWAYS_EMBED_SWIFT_STANDARD_LIBRARIES = YES;
				BUNDLE_LOADER = "$(TEST_HOST)";
				CODE_SIGN_STYLE = Automatic;
				DEVELOPMENT_TEAM = HYUR38GUTQ;
				INFOPLIST_FILE = ParstagramTests/Info.plist;
				LD_RUNPATH_SEARCH_PATHS = (
					"$(inherited)",
					"@executable_path/Frameworks",
					"@loader_path/Frameworks",
				);
				PRODUCT_BUNDLE_IDENTIFIER = swift.ParstagramTests;
				PRODUCT_NAME = "$(TARGET_NAME)";
				SWIFT_VERSION = 4.2;
				TARGETED_DEVICE_FAMILY = "1,2";
				TEST_HOST = "$(BUILT_PRODUCTS_DIR)/Parstagram.app/Parstagram";
			};
			name = Release;
		};
		281DE93522249C460065E2FF /* Debug */ = {
			isa = XCBuildConfiguration;
			baseConfigurationReference = 961C3559FEA492EA0809761D /* Pods-ParstagramUITests.debug.xcconfig */;
			buildSettings = {
				ALWAYS_EMBED_SWIFT_STANDARD_LIBRARIES = YES;
				CODE_SIGN_STYLE = Automatic;
				DEVELOPMENT_TEAM = HYUR38GUTQ;
				INFOPLIST_FILE = ParstagramUITests/Info.plist;
				LD_RUNPATH_SEARCH_PATHS = (
					"$(inherited)",
					"@executable_path/Frameworks",
					"@loader_path/Frameworks",
				);
				PRODUCT_BUNDLE_IDENTIFIER = swift.ParstagramUITests;
				PRODUCT_NAME = "$(TARGET_NAME)";
				SWIFT_VERSION = 4.2;
				TARGETED_DEVICE_FAMILY = "1,2";
				TEST_TARGET_NAME = Parstagram;
			};
			name = Debug;
		};
		281DE93622249C460065E2FF /* Release */ = {
			isa = XCBuildConfiguration;
			baseConfigurationReference = 6008FCDAA77BDA7D4A5415DA /* Pods-ParstagramUITests.release.xcconfig */;
			buildSettings = {
				ALWAYS_EMBED_SWIFT_STANDARD_LIBRARIES = YES;
				CODE_SIGN_STYLE = Automatic;
				DEVELOPMENT_TEAM = HYUR38GUTQ;
				INFOPLIST_FILE = ParstagramUITests/Info.plist;
				LD_RUNPATH_SEARCH_PATHS = (
					"$(inherited)",
					"@executable_path/Frameworks",
					"@loader_path/Frameworks",
				);
				PRODUCT_BUNDLE_IDENTIFIER = swift.ParstagramUITests;
				PRODUCT_NAME = "$(TARGET_NAME)";
				SWIFT_VERSION = 4.2;
				TARGETED_DEVICE_FAMILY = "1,2";
				TEST_TARGET_NAME = Parstagram;
			};
			name = Release;
		};
/* End XCBuildConfiguration section */

/* Begin XCConfigurationList section */
		281DE90122249C450065E2FF /* Build configuration list for PBXProject "Parstagram" */ = {
			isa = XCConfigurationList;
			buildConfigurations = (
				281DE92C22249C460065E2FF /* Debug */,
				281DE92D22249C460065E2FF /* Release */,
			);
			defaultConfigurationIsVisible = 0;
			defaultConfigurationName = Release;
		};
		281DE92E22249C460065E2FF /* Build configuration list for PBXNativeTarget "Parstagram" */ = {
			isa = XCConfigurationList;
			buildConfigurations = (
				281DE92F22249C460065E2FF /* Debug */,
				281DE93022249C460065E2FF /* Release */,
			);
			defaultConfigurationIsVisible = 0;
			defaultConfigurationName = Release;
		};
		281DE93122249C460065E2FF /* Build configuration list for PBXNativeTarget "ParstagramTests" */ = {
			isa = XCConfigurationList;
			buildConfigurations = (
				281DE93222249C460065E2FF /* Debug */,
				281DE93322249C460065E2FF /* Release */,
			);
			defaultConfigurationIsVisible = 0;
			defaultConfigurationName = Release;
		};
		281DE93422249C460065E2FF /* Build configuration list for PBXNativeTarget "ParstagramUITests" */ = {
			isa = XCConfigurationList;
			buildConfigurations = (
				281DE93522249C460065E2FF /* Debug */,
				281DE93622249C460065E2FF /* Release */,
			);
			defaultConfigurationIsVisible = 0;
			defaultConfigurationName = Release;
		};
/* End XCConfigurationList section */
	};
	rootObject = 281DE8FE22249C450065E2FF /* Project object */;
}
